
Microsoft Visual Studio Solution File, Format Version 12.00
# Visual Studio Version 17
VisualStudioVersion = 17.5.33530.505
MinimumVisualStudioVersion = 10.0.40219.1
Project("{9A19103F-16F7-4668-BE54-9A1E7A4F7556}") = "DatingApp.API", "DatingApp.API\DatingApp.API.csproj", "{8CBFE69F-1E7D-4788-8CB0-D266F3A964F5}"
EndProject
Project("{54A90642-561A-4BB1-A94E-469ADEE60C69}") = "DatingApp.Client", "DatingApp.Client\DatingApp.Client.esproj", "{D0DADA2C-0733-480F-9506-C90760F11E8B}"
EndProject
Global
	GlobalSection(SolutionConfigurationPlatforms) = preSolution
		Debug|Any CPU = Debug|Any CPU
		Release|Any CPU = Release|Any CPU
	EndGlobalSection
	GlobalSection(ProjectConfigurationPlatforms) = postSolution
		{8CBFE69F-1E7D-4788-8CB0-D266F3A964F5}.Debug|Any CPU.ActiveCfg = Debug|Any CPU
		{8CBFE69F-1E7D-4788-8CB0-D266F3A964F5}.Debug|Any CPU.Build.0 = Debug|Any CPU
		{8CBFE69F-1E7D-4788-8CB0-D266F3A964F5}.Release|Any CPU.ActiveCfg = Release|Any CPU
		{8CBFE69F-1E7D-4788-8CB0-D266F3A964F5}.Release|Any CPU.Build.0 = Release|Any CPU
		{D0DADA2C-0733-480F-9506-C90760F11E8B}.Debug|Any CPU.ActiveCfg = Debug|Any CPU
		{D0DADA2C-0733-480F-9506-C90760F11E8B}.Debug|Any CPU.Build.0 = Debug|Any CPU
		{D0DADA2C-0733-480F-9506-C90760F11E8B}.Debug|Any CPU.Deploy.0 = Debug|Any CPU
		{D0DADA2C-0733-480F-9506-C90760F11E8B}.Release|Any CPU.ActiveCfg = Release|Any CPU
		{D0DADA2C-0733-480F-9506-C90760F11E8B}.Release|Any CPU.Build.0 = Release|Any CPU
		{D0DADA2C-0733-480F-9506-C90760F11E8B}.Release|Any CPU.Deploy.0 = Release|Any CPU
	EndGlobalSection
	GlobalSection(SolutionProperties) = preSolution
		HideSolutionNode = FALSE
	EndGlobalSection
	GlobalSection(ExtensibilityGlobals) = postSolution
		SolutionGuid = {E33179B6-6889-4ABE-9774-149A4AD841DA}
	EndGlobalSection
EndGlobal
